// !$*UTF8*$!
{
	archiveVersion = 1;
	classes = {
	};
	objectVersion = 46;
	objects = {

		176F21E456739171CE28E1FE = {isa = PBXBuildFile; fileRef = CF9D00CED01EC1345C50A36A; };
		90442BF7FDBAED4486E4C56C = {isa = PBXBuildFile; fileRef = 3BD8F81F21CFCC0FDED8C642; };
		7712ADE950EBBEF7117C6D80 = {isa = PBXBuildFile; fileRef = 42E7FC86871DB44023B2C085; };
		D4980518F2911BCD23D94E3E = {isa = PBXBuildFile; fileRef = 7CD106BC4B91D4BCF94A75C4; };
		FB991D9C553520E9C23B9C2E = {isa = PBXBuildFile; fileRef = 949D2EFECFF842BF9367E568; };
		05796376CAF6D46FD4EC1975 = {isa = PBXBuildFile; fileRef = 5BCB37D4EFCF84716673992C; };
		EA4BD9C24342997B30AF4E3E = {isa = PBXBuildFile; fileRef = 885DF0AC09E7B5FEF3643DCC; };
		F5AA0EF5CE1EFCBCF064F189 = {isa = PBXBuildFile; fileRef = 8FDCF2B320BDD7ED462E423E; };
		60C9FC09E6A48C1A82A92654 = {isa = PBXBuildFile; fileRef = C00C08073EC14A2A30E85C71; };
		136B8B70DAA7EE85CD5E5931 = {isa = PBXBuildFile; fileRef = AF1C174854807389E41A74E6; };
		3EC9EF065E7417B490E80EFD = {isa = PBXBuildFile; fileRef = 1F61221636293DB09D6B13F9; };
		9C95350E97ADD40E6AC60E60 = {isa = PBXBuildFile; fileRef = D504B0151970D619E46009DA; };
		0EE897082105CDBB4C131A53 = {isa = PBXBuildFile; fileRef = 196D5B8D5E4260A8CFFF5FE3; };
		17DE06F57A676DC8698F7AFA = {isa = PBXBuildFile; fileRef = 545B3A03BD7719DD9ED34061; };
		0478FC9BEC02A76727F31E01 = {isa = PBXFileReference; lastKnownFileType = sourcecode.c.h; name = BurstExt.h; path = ../../Source/BurstExt.h; sourceTree = "SOURCE_ROOT"; };
		151838E8A8F521AC3CCC4F9D = {isa = PBXFileReference; lastKnownFileType = sourcecode.c.h; name = Crypto.hpp; path = ../../Source/crypto/Crypto.hpp; sourceTree = "SOURCE_ROOT"; };
		196D5B8D5E4260A8CFFF5FE3 = {isa = PBXFileReference; lastKnownFileType = sourcecode.cpp.objcpp; name = "juce_core.mm"; path = "../../JuceLibraryCode/juce_core.mm"; sourceTree = "SOURCE_ROOT"; };
		1F61221636293DB09D6B13F9 = {isa = PBXFileReference; lastKnownFileType = sourcecode.cpp.cpp; name = BurstKit.cpp; path = ../../Source/BurstKit.cpp; sourceTree = "SOURCE_ROOT"; };
		1FA9A145478B27525C480ECA = {isa = PBXFileReference; lastKnownFileType = sourcecode.c.h; name = aes.hpp; path = ../../Source/crypto/aes.hpp; sourceTree = "SOURCE_ROOT"; };
		3BD8F81F21CFCC0FDED8C642 = {isa = PBXFileReference; lastKnownFileType = wrapper.framework; name = Cocoa.framework; path = System/Library/Frameworks/Cocoa.framework; sourceTree = SDKROOT; };
		3D274F444CBCDEA406611473 = {isa = PBXFileReference; lastKnownFileType = sourcecode.c.h; name = aes.h; path = ../../Source/crypto/aes.h; sourceTree = "SOURCE_ROOT"; };
		42E7FC86871DB44023B2C085 = {isa = PBXFileReference; lastKnownFileType = wrapper.framework; name = IOKit.framework; path = System/Library/Frameworks/IOKit.framework; sourceTree = SDKROOT; };
		477ADAABE721607BB48BEB80 = {isa = PBXFileReference; lastKnownFileType = sourcecode.c.h; name = blowfish.h; path = ../../Source/crypto/blowfish.h; sourceTree = "SOURCE_ROOT"; };
		545B3A03BD7719DD9ED34061 = {isa = PBXFileReference; lastKnownFileType = sourcecode.cpp.objcpp; name = "juce_cryptography.mm"; path = "../../JuceLibraryCode/juce_cryptography.mm"; sourceTree = "SOURCE_ROOT"; };
		57A4E54C62EBBC197404B683 = {isa = PBXFileReference; lastKnownFileType = sourcecode.c.h; name = JuceHeader.h; path = ../../JuceLibraryCode/JuceHeader.h; sourceTree = "SOURCE_ROOT"; };
		5BCB37D4EFCF84716673992C = {isa = PBXFileReference; lastKnownFileType = sourcecode.cpp.cpp; name = blowfish.cpp; path = ../../Source/crypto/blowfish.cpp; sourceTree = "SOURCE_ROOT"; };
		7CD106BC4B91D4BCF94A75C4 = {isa = PBXFileReference; lastKnownFileType = file.nib; name = RecentFilesMenuTemplate.nib; path = RecentFilesMenuTemplate.nib; sourceTree = "SOURCE_ROOT"; };
		885DF0AC09E7B5FEF3643DCC = {isa = PBXFileReference; lastKnownFileType = sourcecode.cpp.cpp; name = Crytpo.cpp; path = ../../Source/crypto/Crytpo.cpp; sourceTree = "SOURCE_ROOT"; };
		8FDCF2B320BDD7ED462E423E = {isa = PBXFileReference; lastKnownFileType = sourcecode.c.c; name = "curve25519_i64.c"; path = "../../Source/crypto/curve25519_i64.c"; sourceTree = "SOURCE_ROOT"; };
		949D2EFECFF842BF9367E568 = {isa = PBXFileReference; lastKnownFileType = sourcecode.c.c; name = aes.c; path = ../../Source/crypto/aes.c; sourceTree = "SOURCE_ROOT"; };
		AF1C174854807389E41A74E6 = {isa = PBXFileReference; lastKnownFileType = sourcecode.cpp.cpp; name = BurstExt.cpp; path = ../../Source/BurstExt.cpp; sourceTree = "SOURCE_ROOT"; };
		C00C08073EC14A2A30E85C71 = {isa = PBXFileReference; lastKnownFileType = sourcecode.cpp.cpp; name = sha256.cpp; path = ../../Source/crypto/sha256.cpp; sourceTree = "SOURCE_ROOT"; };
		CAC4CE45102044E8025395DD = {isa = PBXFileReference; lastKnownFileType = sourcecode.c.h; name = AppConfig.h; path = ../../JuceLibraryCode/AppConfig.h; sourceTree = "SOURCE_ROOT"; };
		CB8582C6AC7174429B8926CD = {isa = PBXFileReference; lastKnownFileType = sourcecode.c.h; name = BurstKit.h; path = ../../Source/BurstKit.h; sourceTree = "SOURCE_ROOT"; };
		CF94E2B1A5D9092C61059871 = {isa = PBXFileReference; lastKnownFileType = sourcecode.c.h; name = sha256.h; path = ../../Source/crypto/sha256.h; sourceTree = "SOURCE_ROOT"; };
		CF9D00CED01EC1345C50A36A = {isa = PBXFileReference; explicitFileType = "compiled.mach-o.dylib"; includeInIndex = 0; path = BurstLib.dylib; sourceTree = "BUILT_PRODUCTS_DIR"; };
		D504B0151970D619E46009DA = {isa = PBXFileReference; lastKnownFileType = sourcecode.cpp.cpp; name = BurstLib.cpp; path = ../../Source/BurstLib.cpp; sourceTree = "SOURCE_ROOT"; };
		EAF70B51EEC89CDD9F976D33 = {isa = PBXFileReference; lastKnownFileType = sourcecode.c.h; name = BurstLib.h; path = ../../Source/BurstLib.h; sourceTree = "SOURCE_ROOT"; };
		ED66DEFCC4B319303DA8DEB8 = {isa = PBXFileReference; lastKnownFileType = sourcecode.c.h; name = "curve25519_i64.h"; path = "../../Source/crypto/curve25519_i64.h"; sourceTree = "SOURCE_ROOT"; };
		BE30BE8C312BC3ADA7F42FA3 = {isa = PBXGroup; children = (
					949D2EFECFF842BF9367E568,
					3D274F444CBCDEA406611473,
					1FA9A145478B27525C480ECA,
					5BCB37D4EFCF84716673992C,
					477ADAABE721607BB48BEB80,
					151838E8A8F521AC3CCC4F9D,
					885DF0AC09E7B5FEF3643DCC,
					8FDCF2B320BDD7ED462E423E,
					ED66DEFCC4B319303DA8DEB8,
					C00C08073EC14A2A30E85C71,
					CF94E2B1A5D9092C61059871, ); name = crypto; sourceTree = "<group>"; };
		C858A483120B2423CC0A6D50 = {isa = PBXGroup; children = (
					BE30BE8C312BC3ADA7F42FA3,
					AF1C174854807389E41A74E6,
					0478FC9BEC02A76727F31E01,
					1F61221636293DB09D6B13F9,
					CB8582C6AC7174429B8926CD,
					D504B0151970D619E46009DA,
					EAF70B51EEC89CDD9F976D33, ); name = Source; sourceTree = "<group>"; };
		6FD5A7250258D61CF644220F = {isa = PBXGroup; children = (
					C858A483120B2423CC0A6D50, ); name = BurstLib; sourceTree = "<group>"; };
		788DB5E32B89A44382C3D475 = {isa = PBXGroup; children = (
					CAC4CE45102044E8025395DD,
					196D5B8D5E4260A8CFFF5FE3,
					545B3A03BD7719DD9ED34061,
					57A4E54C62EBBC197404B683, ); name = "Juce Library Code"; sourceTree = "<group>"; };
		BE5B4DC85A240BBED7A59CDA = {isa = PBXGroup; children = (
					7CD106BC4B91D4BCF94A75C4, ); name = Resources; sourceTree = "<group>"; };
		1DD725B21876236429A24089 = {isa = PBXGroup; children = (
					3BD8F81F21CFCC0FDED8C642,
					42E7FC86871DB44023B2C085, ); name = Frameworks; sourceTree = "<group>"; };
		953C9EFD1F425D7EFBE73B3E = {isa = PBXGroup; children = (
					CF9D00CED01EC1345C50A36A, ); name = Products; sourceTree = "<group>"; };
		5DD04C662A37F5E4C311EA97 = {isa = PBXGroup; children = (
					6FD5A7250258D61CF644220F,
					788DB5E32B89A44382C3D475,
					BE5B4DC85A240BBED7A59CDA,
					1DD725B21876236429A24089,
					953C9EFD1F425D7EFBE73B3E, ); name = Source; sourceTree = "<group>"; };
		0721717D1CDCDD6D6FEC14F7 = {isa = XCBuildConfiguration; buildSettings = {
				CLANG_CXX_LANGUAGE_STANDARD = "c++0x";
				CLANG_LINK_OBJC_RUNTIME = NO;
				COMBINE_HIDPI_IMAGES = YES;
				CONFIGURATION_BUILD_DIR = "$(PROJECT_DIR)/build/$(CONFIGURATION)";
				COPY_PHASE_STRIP = NO;
				GCC_DYNAMIC_NO_PIC = NO;
				GCC_OPTIMIZATION_LEVEL = 0;
				GCC_PREPROCESSOR_DEFINITIONS = (
					"_DEBUG=1",
					"DEBUG=1",
					"EXPORT_LIB=1",
					"JUCER_XCODE_MAC_F6D2F4CF=1",
					"JUCE_APP_VERSION=1.0.0",
					"JUCE_APP_VERSION_HEX=0x10000", );
				GCC_VERSION = com.apple.compilers.llvm.clang.1_0;
				HEADER_SEARCH_PATHS = ("../../JuceLibraryCode", "../../JuceLibraryCode/modules", "/Users/Jorn/Documents/Libs/boost_1_67_0", "$(inherited)");
				MACOSX_DEPLOYMENT_TARGET = 10.11;
				MACOSX_DEPLOYMENT_TARGET_ppc = 10.4;
				PRODUCT_BUNDLE_IDENTIFIER = com.CurbShifter.BurstLib;
				SDKROOT_ppc = macosx10.5; }; name = Debug; };
		10E918DECD7D634845143830 = {isa = XCBuildConfiguration; buildSettings = {
				CLANG_CXX_LANGUAGE_STANDARD = "c++0x";
				CLANG_LINK_OBJC_RUNTIME = NO;
				COMBINE_HIDPI_IMAGES = YES;
				CONFIGURATION_BUILD_DIR = "$(PROJECT_DIR)/build/$(CONFIGURATION)";
				DEAD_CODE_STRIPPING = YES;
				GCC_GENERATE_DEBUGGING_SYMBOLS = NO;
				GCC_OPTIMIZATION_LEVEL = 3;
				GCC_PREPROCESSOR_DEFINITIONS = (
					"_NDEBUG=1",
					"NDEBUG=1",
					"EXPORT_LIB=1",
					"JUCER_XCODE_MAC_F6D2F4CF=1",
					"JUCE_APP_VERSION=1.0.0",
					"JUCE_APP_VERSION_HEX=0x10000", );
				GCC_SYMBOLS_PRIVATE_EXTERN = YES;
				GCC_VERSION = com.apple.compilers.llvm.clang.1_0;
				HEADER_SEARCH_PATHS = ("../../JuceLibraryCode", "../../JuceLibraryCode/modules", "/Users/Jorn/Documents/Libs/boost_1_67_0", "$(inherited)");
				MACOSX_DEPLOYMENT_TARGET = 10.11;
				MACOSX_DEPLOYMENT_TARGET_ppc = 10.4;
				PRODUCT_BUNDLE_IDENTIFIER = com.CurbShifter.BurstLib;
				SDKROOT_ppc = macosx10.5; }; name = Release; };
		ECE1AF833466D129BA2CFE85 = {isa = XCBuildConfiguration; buildSettings = {
				ALWAYS_SEARCH_USER_PATHS = NO;
				DEBUG_INFORMATION_FORMAT = "dwarf";
				ENABLE_TESTABILITY = YES;
				GCC_C_LANGUAGE_STANDARD = c99;
				GCC_INLINES_ARE_PRIVATE_EXTERN = YES;
				GCC_MODEL_TUNING = G5;
				GCC_WARN_ABOUT_RETURN_TYPE = YES;
				GCC_WARN_CHECK_SWITCH_STATEMENTS = YES;
				GCC_WARN_MISSING_PARENTHESES = YES;
				GCC_WARN_NON_VIRTUAL_DESTRUCTOR = YES;
				GCC_WARN_TYPECHECK_CALLS_TO_PRINTF = YES;
				GCC_WARN_UNUSED_VARIABLE = YES;
				ONLY_ACTIVE_ARCH = YES;
				PRODUCT_NAME = "BurstLib";
				WARNING_CFLAGS = -Wreorder;
				ZERO_LINK = NO; }; name = Debug; };
		88BB06B9C2935B7CF40704A8 = {isa = XCBuildConfiguration; buildSettings = {
				ALWAYS_SEARCH_USER_PATHS = NO;
				DEBUG_INFORMATION_FORMAT = "dwarf";
				GCC_C_LANGUAGE_STANDARD = c99;
				GCC_INLINES_ARE_PRIVATE_EXTERN = YES;
				GCC_MODEL_TUNING = G5;
				GCC_WARN_ABOUT_RETURN_TYPE = YES;
				GCC_WARN_CHECK_SWITCH_STATEMENTS = YES;
				GCC_WARN_MISSING_PARENTHESES = YES;
				GCC_WARN_NON_VIRTUAL_DESTRUCTOR = YES;
				GCC_WARN_TYPECHECK_CALLS_TO_PRINTF = YES;
				GCC_WARN_UNUSED_VARIABLE = YES;
				PRODUCT_NAME = "BurstLib";
				WARNING_CFLAGS = -Wreorder;
				ZERO_LINK = NO; }; name = Release; };
		80B98B33CA25A54DE66020C0 = {isa = PBXTargetDependency; target = 38CFBBEE32E52CD0896D2A8D; };
		C214A000DD416E476761CF4C = {isa = XCConfigurationList; buildConfigurations = (
					ECE1AF833466D129BA2CFE85,
					88BB06B9C2935B7CF40704A8, ); defaultConfigurationIsVisible = 0; defaultConfigurationName = Debug; };
		BD3656FF3313C96947439D51 = {isa = XCConfigurationList; buildConfigurations = (
					0721717D1CDCDD6D6FEC14F7,
					10E918DECD7D634845143830, ); defaultConfigurationIsVisible = 0; defaultConfigurationName = Debug; };
		556C085BBB30C5D1097C5B90 = {isa = PBXResourcesBuildPhase; buildActionMask = 2147483647; files = (
					D4980518F2911BCD23D94E3E, ); runOnlyForDeploymentPostprocessing = 0; };
		F38B9FF5BCC84978873BED6A = {isa = PBXSourcesBuildPhase; buildActionMask = 2147483647; files = (
					FB991D9C553520E9C23B9C2E,
					05796376CAF6D46FD4EC1975,
					EA4BD9C24342997B30AF4E3E,
					F5AA0EF5CE1EFCBCF064F189,
					60C9FC09E6A48C1A82A92654,
					136B8B70DAA7EE85CD5E5931,
					3EC9EF065E7417B490E80EFD,
					9C95350E97ADD40E6AC60E60,
					0EE897082105CDBB4C131A53,
					17DE06F57A676DC8698F7AFA, ); runOnlyForDeploymentPostprocessing = 0; };
		F130FD7CBD876A4313BC2C38 = {isa = PBXFrameworksBuildPhase; buildActionMask = 2147483647; files = (
					90442BF7FDBAED4486E4C56C,
					7712ADE950EBBEF7117C6D80, ); runOnlyForDeploymentPostprocessing = 0; };
		38CFBBEE32E52CD0896D2A8D = {isa = PBXNativeTarget; buildConfigurationList = BD3656FF3313C96947439D51; buildPhases = (
					556C085BBB30C5D1097C5B90,
					F38B9FF5BCC84978873BED6A,
					F130FD7CBD876A4313BC2C38, ); buildRules = ( ); dependencies = (  ); name = "BurstLib (Dynamic Library)"; productName = BurstLib; productReference = CF9D00CED01EC1345C50A36A; productType = "com.apple.product-type.library.dynamic"; };
		CF6EBD1B3C4E43FDAACC4125 = {isa = PBXProject; buildConfigurationList = C214A000DD416E476761CF4C; attributes = { LastUpgradeCheck = 0440; }; compatibilityVersion = "Xcode 3.2"; hasScannedForEncodings = 0; mainGroup = 5DD04C662A37F5E4C311EA97; projectDirPath = ""; projectRoot = ""; targets = (38CFBBEE32E52CD0896D2A8D); };
	};
	rootObject = CF6EBD1B3C4E43FDAACC4125;
}
