Microsoft Visual Studio Solution File, Format Version 12.00
# Visual Studio 2013
VisualStudioVersion = 12.0.40629.0
MinimumVisualStudioVersion = 10.0.40219.1
Project("{8BC9CEB8-8B4A-11D0-8D11-00A0C91BC942}") = "BurstLib", "BurstLib.vcxproj", "{C9CF53C6-D721-E356-35CB-E3F84F8CFFB5}"
EndProject
Project("{8BC9CEB8-8B4A-11D0-8D11-00A0C91BC942}") = "TestClient", "..\..\TestClient\Builds\VisualStudio2013\TestClient.vcxproj", "{0A1EA696-554B-D768-A4FF-E55844F78CA2}"
EndProject
Global
	GlobalSection(SolutionConfigurationPlatforms) = preSolution
		Debug|Win32 = Debug|Win32
		Release|Win32 = Release|Win32
	EndGlobalSection
	GlobalSection(ProjectConfigurationPlatforms) = postSolution
		{C9CF53C6-D721-E356-35CB-E3F84F8CFFB5}.Debug|Win32.ActiveCfg = Debug|Win32
		{C9CF53C6-D721-E356-35CB-E3F84F8CFFB5}.Debug|Win32.Build.0 = Debug|Win32
		{C9CF53C6-D721-E356-35CB-E3F84F8CFFB5}.Release|Win32.ActiveCfg = Release|Win32
		{C9CF53C6-D721-E356-35CB-E3F84F8CFFB5}.Release|Win32.Build.0 = Release|Win32
		{0A1EA696-554B-D768-A4FF-E55844F78CA2}.Debug|Win32.ActiveCfg = Debug|Win32
		{0A1EA696-554B-D768-A4FF-E55844F78CA2}.Debug|Win32.Build.0 = Debug|Win32
		{0A1EA696-554B-D768-A4FF-E55844F78CA2}.Release|Win32.ActiveCfg = Release|Win32
		{0A1EA696-554B-D768-A4FF-E55844F78CA2}.Release|Win32.Build.0 = Release|Win32
	EndGlobalSection
	GlobalSection(SolutionProperties) = preSolution
		HideSolutionNode = FALSE
	EndGlobalSection
EndGlobal
